# THIS IS AN AUTOGENERATED FILE. DO NOT EDIT THIS FILE DIRECTLY.
# yarn lockfile v1


angular-cookies@1.5.x:
  version "1.5.11"
  resolved "https://registry.yarnpkg.com/angular-cookies/-/angular-cookies-1.5.11.tgz#88558de7c5044dcc3abeb79614d7ef8107ba49c0"

angular-route@1.5.x:
  version "1.5.11"
  resolved "https://registry.yarnpkg.com/angular-route/-/angular-route-1.5.11.tgz#49614f3a167f54291e449fe8ba05d39c58924b83"

angular@1.5.x:
  version "1.5.11"
  resolved "https://registry.yarnpkg.com/angular/-/angular-1.5.11.tgz#8c5ba7386f15965c9acf3429f6881553aada30d6"
